
Microsoft Visual Studio Solution File, Format Version 12.00
# Visual Studio 15
VisualStudioVersion = 15.0.28010.2050
MinimumVisualStudioVersion = 10.0.40219.1
Project("{FAE04EC0-301F-11D3-BF4B-00C04F79EFBC}") = "TgBotApp", "TgBotApp1\TgBotApp.csproj", "{84E56CEC-5D06-4E24-B8AC-AB48351439B8}"
EndProject
Global
	GlobalSection(SolutionConfigurationPlatforms) = preSolution
		Debug|Any CPU = Debug|Any CPU
		Release|Any CPU = Release|Any CPU
	EndGlobalSection
	GlobalSection(ProjectConfigurationPlatforms) = postSolution
		{84E56CEC-5D06-4E24-B8AC-AB48351439B8}.Debug|Any CPU.ActiveCfg = Debug|Any CPU
		{84E56CEC-5D06-4E24-B8AC-AB48351439B8}.Debug|Any CPU.Build.0 = Debug|Any CPU
		{84E56CEC-5D06-4E24-B8AC-AB48351439B8}.Release|Any CPU.ActiveCfg = Release|Any CPU
		{84E56CEC-5D06-4E24-B8AC-AB48351439B8}.Release|Any CPU.Build.0 = Release|Any CPU
	EndGlobalSection
	GlobalSection(SolutionProperties) = preSolution
		HideSolutionNode = FALSE
	EndGlobalSection
	GlobalSection(ExtensibilityGlobals) = postSolution
		SolutionGuid = {72FAC400-E175-4788-9972-9FE178796970}
	EndGlobalSection
EndGlobal
