
Microsoft Visual Studio Solution File, Format Version 12.00
# Visual Studio 15
VisualStudioVersion = 15.0.28307.136
MinimumVisualStudioVersion = 10.0.40219.1
Project("{FAE04EC0-301F-11D3-BF4B-00C04F79EFBC}") = "Beeper", "Beeper\Beeper.csproj", "{EE0A6F70-195D-4755-8D9A-0D43BC5F68E8}"
EndProject
Project("{FAE04EC0-301F-11D3-BF4B-00C04F79EFBC}") = "BeepPC", "BeepPC\BeepPC.csproj", "{AF2FBD16-970E-4049-B71B-4605305D7C0F}"
EndProject
Global
	GlobalSection(SolutionConfigurationPlatforms) = preSolution
		Debug|Any CPU = Debug|Any CPU
		Release|Any CPU = Release|Any CPU
	EndGlobalSection
	GlobalSection(ProjectConfigurationPlatforms) = postSolution
		{EE0A6F70-195D-4755-8D9A-0D43BC5F68E8}.Debug|Any CPU.ActiveCfg = Debug|Any CPU
		{EE0A6F70-195D-4755-8D9A-0D43BC5F68E8}.Debug|Any CPU.Build.0 = Debug|Any CPU
		{EE0A6F70-195D-4755-8D9A-0D43BC5F68E8}.Release|Any CPU.ActiveCfg = Release|Any CPU
		{EE0A6F70-195D-4755-8D9A-0D43BC5F68E8}.Release|Any CPU.Build.0 = Release|Any CPU
		{AF2FBD16-970E-4049-B71B-4605305D7C0F}.Debug|Any CPU.ActiveCfg = Debug|Any CPU
		{AF2FBD16-970E-4049-B71B-4605305D7C0F}.Debug|Any CPU.Build.0 = Debug|Any CPU
		{AF2FBD16-970E-4049-B71B-4605305D7C0F}.Release|Any CPU.ActiveCfg = Release|Any CPU
		{AF2FBD16-970E-4049-B71B-4605305D7C0F}.Release|Any CPU.Build.0 = Release|Any CPU
	EndGlobalSection
	GlobalSection(SolutionProperties) = preSolution
		HideSolutionNode = FALSE
	EndGlobalSection
	GlobalSection(ExtensibilityGlobals) = postSolution
		SolutionGuid = {D028DFE8-508A-488C-BEC0-2A24E9E5B29E}
	EndGlobalSection
EndGlobal
